
Microsoft Visual Studio Solution File, Format Version 12.00
# Visual Studio 15
VisualStudioVersion = 15.0.27130.2036
MinimumVisualStudioVersion = 10.0.40219.1
Project("{9A19103F-16F7-4668-BE54-9A1E7A4F7556}") = "ParishForms", "ParishForms\ParishForms.csproj", "{3ACB0C90-3358-479B-A575-65688A1182A5}"
EndProject
Project("{9A19103F-16F7-4668-BE54-9A1E7A4F7556}") = "ParishForms.Common", "ParishForms.Common\ParishForms.Common.csproj", "{1F52F9B3-110A-4555-A83F-11A9FEF03D2D}"
EndProject
Project("{9A19103F-16F7-4668-BE54-9A1E7A4F7556}") = "ParishForms.IoC", "ParishForms.IoC\ParishForms.IoC.csproj", "{E68B403D-C438-43DB-8F9F-F201EACD2333}"
EndProject
Project("{9A19103F-16F7-4668-BE54-9A1E7A4F7556}") = "ParishForms.Managers", "ParishForms.Managers\ParishForms.Managers.csproj", "{37E89954-F0EC-4850-832E-F9522D665E43}"
EndProject
Project("{9A19103F-16F7-4668-BE54-9A1E7A4F7556}") = "ParishForms.Engines", "ParishForms.Engines\ParishForms.Engines.csproj", "{C959E0FE-D6EC-4838-B48E-AFBDE9BFFE4A}"
EndProject
Project("{9A19103F-16F7-4668-BE54-9A1E7A4F7556}") = "ParishForms.Accessors", "ParishForms.Accessors\ParishForms.Accessors.csproj", "{D60D9714-CE3D-48AA-9DF1-40FECCD456B9}"
EndProject
Project("{9A19103F-16F7-4668-BE54-9A1E7A4F7556}") = "DataProvider.EntityFrameworkCore", "DataProvider.EntityFrameworkCore\DataProvider.EntityFrameworkCore.csproj", "{37E52460-7D2E-454A-870D-167144C2F8E4}"
EndProject
Project("{9A19103F-16F7-4668-BE54-9A1E7A4F7556}") = "ParishForms.Tests", "ParishForms.Tests\ParishForms.Tests.csproj", "{0EFDC0A3-1DAA-4DCA-81F7-9B6568A5E531}"
EndProject
Project("{FAE04EC0-301F-11D3-BF4B-00C04F79EFBC}") = "DataProvider.Cache", "DataProvider.Cache\DataProvider.Cache.csproj", "{70B1D34D-E737-438F-A202-FF8F88CE41BD}"
EndProject
Global
	GlobalSection(SolutionConfigurationPlatforms) = preSolution
		Debug|Any CPU = Debug|Any CPU
		Release|Any CPU = Release|Any CPU
	EndGlobalSection
	GlobalSection(ProjectConfigurationPlatforms) = postSolution
		{3ACB0C90-3358-479B-A575-65688A1182A5}.Debug|Any CPU.ActiveCfg = Debug|Any CPU
		{3ACB0C90-3358-479B-A575-65688A1182A5}.Debug|Any CPU.Build.0 = Debug|Any CPU
		{3ACB0C90-3358-479B-A575-65688A1182A5}.Release|Any CPU.ActiveCfg = Release|Any CPU
		{3ACB0C90-3358-479B-A575-65688A1182A5}.Release|Any CPU.Build.0 = Release|Any CPU
		{1F52F9B3-110A-4555-A83F-11A9FEF03D2D}.Debug|Any CPU.ActiveCfg = Debug|Any CPU
		{1F52F9B3-110A-4555-A83F-11A9FEF03D2D}.Debug|Any CPU.Build.0 = Debug|Any CPU
		{1F52F9B3-110A-4555-A83F-11A9FEF03D2D}.Release|Any CPU.ActiveCfg = Release|Any CPU
		{1F52F9B3-110A-4555-A83F-11A9FEF03D2D}.Release|Any CPU.Build.0 = Release|Any CPU
		{E68B403D-C438-43DB-8F9F-F201EACD2333}.Debug|Any CPU.ActiveCfg = Debug|Any CPU
		{E68B403D-C438-43DB-8F9F-F201EACD2333}.Debug|Any CPU.Build.0 = Debug|Any CPU
		{E68B403D-C438-43DB-8F9F-F201EACD2333}.Release|Any CPU.ActiveCfg = Release|Any CPU
		{E68B403D-C438-43DB-8F9F-F201EACD2333}.Release|Any CPU.Build.0 = Release|Any CPU
		{37E89954-F0EC-4850-832E-F9522D665E43}.Debug|Any CPU.ActiveCfg = Debug|Any CPU
		{37E89954-F0EC-4850-832E-F9522D665E43}.Debug|Any CPU.Build.0 = Debug|Any CPU
		{37E89954-F0EC-4850-832E-F9522D665E43}.Release|Any CPU.ActiveCfg = Release|Any CPU
		{37E89954-F0EC-4850-832E-F9522D665E43}.Release|Any CPU.Build.0 = Release|Any CPU
		{C959E0FE-D6EC-4838-B48E-AFBDE9BFFE4A}.Debug|Any CPU.ActiveCfg = Debug|Any CPU
		{C959E0FE-D6EC-4838-B48E-AFBDE9BFFE4A}.Debug|Any CPU.Build.0 = Debug|Any CPU
		{C959E0FE-D6EC-4838-B48E-AFBDE9BFFE4A}.Release|Any CPU.ActiveCfg = Release|Any CPU
		{C959E0FE-D6EC-4838-B48E-AFBDE9BFFE4A}.Release|Any CPU.Build.0 = Release|Any CPU
		{D60D9714-CE3D-48AA-9DF1-40FECCD456B9}.Debug|Any CPU.ActiveCfg = Debug|Any CPU
		{D60D9714-CE3D-48AA-9DF1-40FECCD456B9}.Debug|Any CPU.Build.0 = Debug|Any CPU
		{D60D9714-CE3D-48AA-9DF1-40FECCD456B9}.Release|Any CPU.ActiveCfg = Release|Any CPU
		{D60D9714-CE3D-48AA-9DF1-40FECCD456B9}.Release|Any CPU.Build.0 = Release|Any CPU
		{37E52460-7D2E-454A-870D-167144C2F8E4}.Debug|Any CPU.ActiveCfg = Debug|Any CPU
		{37E52460-7D2E-454A-870D-167144C2F8E4}.Debug|Any CPU.Build.0 = Debug|Any CPU
		{37E52460-7D2E-454A-870D-167144C2F8E4}.Release|Any CPU.ActiveCfg = Release|Any CPU
		{37E52460-7D2E-454A-870D-167144C2F8E4}.Release|Any CPU.Build.0 = Release|Any CPU
		{0EFDC0A3-1DAA-4DCA-81F7-9B6568A5E531}.Debug|Any CPU.ActiveCfg = Debug|Any CPU
		{0EFDC0A3-1DAA-4DCA-81F7-9B6568A5E531}.Debug|Any CPU.Build.0 = Debug|Any CPU
		{0EFDC0A3-1DAA-4DCA-81F7-9B6568A5E531}.Release|Any CPU.ActiveCfg = Release|Any CPU
		{0EFDC0A3-1DAA-4DCA-81F7-9B6568A5E531}.Release|Any CPU.Build.0 = Release|Any CPU
		{70B1D34D-E737-438F-A202-FF8F88CE41BD}.Debug|Any CPU.ActiveCfg = Debug|Any CPU
		{70B1D34D-E737-438F-A202-FF8F88CE41BD}.Debug|Any CPU.Build.0 = Debug|Any CPU
		{70B1D34D-E737-438F-A202-FF8F88CE41BD}.Release|Any CPU.ActiveCfg = Release|Any CPU
		{70B1D34D-E737-438F-A202-FF8F88CE41BD}.Release|Any CPU.Build.0 = Release|Any CPU
	EndGlobalSection
	GlobalSection(SolutionProperties) = preSolution
		HideSolutionNode = FALSE
	EndGlobalSection
	GlobalSection(ExtensibilityGlobals) = postSolution
		SolutionGuid = {D8A04F5F-E11C-4508-A9EA-E8C690A9DF52}
	EndGlobalSection
EndGlobal
